
Microsoft Visual Studio Solution File, Format Version 12.00
# Visual Studio Version 16
VisualStudioVersion = 16.0.29920.165
MinimumVisualStudioVersion = 10.0.40219.1
Project("{FAE04EC0-301F-11D3-BF4B-00C04F79EFBC}") = "HousingPricePrediction", "HousingPricePrediction\HousingPricePrediction.csproj", "{72019CBA-6123-4CC9-A77D-29190A7662B2}"
EndProject
Global
	GlobalSection(SolutionConfigurationPlatforms) = preSolution
		Debug|Any CPU = Debug|Any CPU
		Release|Any CPU = Release|Any CPU
	EndGlobalSection
	GlobalSection(ProjectConfigurationPlatforms) = postSolution
		{72019CBA-6123-4CC9-A77D-29190A7662B2}.Debug|Any CPU.ActiveCfg = Debug|Any CPU
		{72019CBA-6123-4CC9-A77D-29190A7662B2}.Debug|Any CPU.Build.0 = Debug|Any CPU
		{72019CBA-6123-4CC9-A77D-29190A7662B2}.Release|Any CPU.ActiveCfg = Release|Any CPU
		{72019CBA-6123-4CC9-A77D-29190A7662B2}.Release|Any CPU.Build.0 = Release|Any CPU
	EndGlobalSection
	GlobalSection(SolutionProperties) = preSolution
		HideSolutionNode = FALSE
	EndGlobalSection
	GlobalSection(ExtensibilityGlobals) = postSolution
		SolutionGuid = {4D8667A4-EF48-465A-9DED-AB7EF181B91B}
	EndGlobalSection
EndGlobal
